
Microsoft Visual Studio Solution File, Format Version 12.00
# Visual Studio Version 16
VisualStudioVersion = 16.0.31729.503
MinimumVisualStudioVersion = 10.0.40219.1
Project("{9A19103F-16F7-4668-BE54-9A1E7A4F7556}") = "EduHome", "EduHome\EduHome.csproj", "{93FEC552-24FF-4A37-9CBD-62D072530E9C}"
EndProject
Project("{9A19103F-16F7-4668-BE54-9A1E7A4F7556}") = "DAL", "DAL\DAL.csproj", "{57757F02-B133-45EA-A89F-27A109A5E7C4}"
EndProject
Project("{FAE04EC0-301F-11D3-BF4B-00C04F79EFBC}") = "Business", "Business\Business.csproj", "{4468C303-2EE3-49D8-84F9-AEA96BF62DFC}"
EndProject
Global
	GlobalSection(SolutionConfigurationPlatforms) = preSolution
		Debug|Any CPU = Debug|Any CPU
		Release|Any CPU = Release|Any CPU
	EndGlobalSection
	GlobalSection(ProjectConfigurationPlatforms) = postSolution
		{93FEC552-24FF-4A37-9CBD-62D072530E9C}.Debug|Any CPU.ActiveCfg = Debug|Any CPU
		{93FEC552-24FF-4A37-9CBD-62D072530E9C}.Debug|Any CPU.Build.0 = Debug|Any CPU
		{93FEC552-24FF-4A37-9CBD-62D072530E9C}.Release|Any CPU.ActiveCfg = Release|Any CPU
		{93FEC552-24FF-4A37-9CBD-62D072530E9C}.Release|Any CPU.Build.0 = Release|Any CPU
		{57757F02-B133-45EA-A89F-27A109A5E7C4}.Debug|Any CPU.ActiveCfg = Debug|Any CPU
		{57757F02-B133-45EA-A89F-27A109A5E7C4}.Debug|Any CPU.Build.0 = Debug|Any CPU
		{57757F02-B133-45EA-A89F-27A109A5E7C4}.Release|Any CPU.ActiveCfg = Release|Any CPU
		{57757F02-B133-45EA-A89F-27A109A5E7C4}.Release|Any CPU.Build.0 = Release|Any CPU
		{4468C303-2EE3-49D8-84F9-AEA96BF62DFC}.Debug|Any CPU.ActiveCfg = Debug|Any CPU
		{4468C303-2EE3-49D8-84F9-AEA96BF62DFC}.Debug|Any CPU.Build.0 = Debug|Any CPU
		{4468C303-2EE3-49D8-84F9-AEA96BF62DFC}.Release|Any CPU.ActiveCfg = Release|Any CPU
		{4468C303-2EE3-49D8-84F9-AEA96BF62DFC}.Release|Any CPU.Build.0 = Release|Any CPU
	EndGlobalSection
	GlobalSection(SolutionProperties) = preSolution
		HideSolutionNode = FALSE
	EndGlobalSection
	GlobalSection(ExtensibilityGlobals) = postSolution
		SolutionGuid = {DC98DFA5-47E2-4E9F-9587-89483C6E1030}
	EndGlobalSection
EndGlobal
